
Microsoft Visual Studio Solution File, Format Version 12.00
# Visual Studio Version 17
VisualStudioVersion = 17.4.33213.308
MinimumVisualStudioVersion = 10.0.40219.1
Project("{FAE04EC0-301F-11D3-BF4B-00C04F79EFBC}") = "Generics_Feb8", "Generics_Feb8\Generics_Feb8.csproj", "{ED1F6A0F-F695-40AA-A2F1-D0EE59EA1638}"
EndProject
Global
	GlobalSection(SolutionConfigurationPlatforms) = preSolution
		Debug|Any CPU = Debug|Any CPU
		Release|Any CPU = Release|Any CPU
	EndGlobalSection
	GlobalSection(ProjectConfigurationPlatforms) = postSolution
		{ED1F6A0F-F695-40AA-A2F1-D0EE59EA1638}.Debug|Any CPU.ActiveCfg = Debug|Any CPU
		{ED1F6A0F-F695-40AA-A2F1-D0EE59EA1638}.Debug|Any CPU.Build.0 = Debug|Any CPU
		{ED1F6A0F-F695-40AA-A2F1-D0EE59EA1638}.Release|Any CPU.ActiveCfg = Release|Any CPU
		{ED1F6A0F-F695-40AA-A2F1-D0EE59EA1638}.Release|Any CPU.Build.0 = Release|Any CPU
	EndGlobalSection
	GlobalSection(SolutionProperties) = preSolution
		HideSolutionNode = FALSE
	EndGlobalSection
	GlobalSection(ExtensibilityGlobals) = postSolution
		SolutionGuid = {BD631609-9B8E-4B38-AE8F-794E092106EE}
	EndGlobalSection
EndGlobal
